
Microsoft Visual Studio Solution File, Format Version 12.00
# Visual Studio Version 17
VisualStudioVersion = 17.0.32014.148
MinimumVisualStudioVersion = 10.0.40219.1
Project("{FAE04EC0-301F-11D3-BF4B-00C04F79EFBC}") = "Angille", "Angille.csproj", "{6F3261DE-3E88-457F-8506-63B907A7EADF}"
EndProject
Global
	GlobalSection(SolutionConfigurationPlatforms) = preSolution
		Debug|Any CPU = Debug|Any CPU
		Release|Any CPU = Release|Any CPU
	EndGlobalSection
	GlobalSection(ProjectConfigurationPlatforms) = postSolution
		{6F3261DE-3E88-457F-8506-63B907A7EADF}.Debug|Any CPU.ActiveCfg = Debug|Any CPU
		{6F3261DE-3E88-457F-8506-63B907A7EADF}.Debug|Any CPU.Build.0 = Debug|Any CPU
		{6F3261DE-3E88-457F-8506-63B907A7EADF}.Release|Any CPU.ActiveCfg = Release|Any CPU
		{6F3261DE-3E88-457F-8506-63B907A7EADF}.Release|Any CPU.Build.0 = Release|Any CPU
	EndGlobalSection
	GlobalSection(SolutionProperties) = preSolution
		HideSolutionNode = FALSE
	EndGlobalSection
	GlobalSection(ExtensibilityGlobals) = postSolution
		SolutionGuid = {E8A694B0-0A6C-4763-AAF5-7F78928652F5}
	EndGlobalSection
EndGlobal
